lockfileVersion: '9.0'

settings:
  autoInstallPeers: true
  excludeLinksFromLockfile: false

importers:

  .:
    dependencies:
      '@solana/kit':
        specifier: ^5.3.0
        version: 5.3.0(typescript@5.9.3)
    devDependencies:
      '@biomejs/biome':
        specifier: 2.3.11
        version: 2.3.11
      '@codama/nodes-from-anchor':
        specifier: ^1.3.8
        version: 1.3.8(typescript@5.9.3)
      '@codama/renderers-js':
        specifier: ^1.5.5
        version: 1.5.5(typescript@5.9.3)
      '@types/node':
        specifier: ^25.0.6
        version: 25.0.6
      codama:
        specifier: ^1.5.0
        version: 1.5.0
      tsx:
        specifier: ^4.21.0
        version: 4.21.0
      typescript:
        specifier: ^5.9.3
        version: 5.9.3

packages:

  '@biomejs/biome@2.3.11':
    resolution: {integrity: sha512-/zt+6qazBWguPG6+eWmiELqO+9jRsMZ/DBU3lfuU2ngtIQYzymocHhKiZRyrbra4aCOoyTg/BmY+6WH5mv9xmQ==}
    engines: {node: '>=14.21.3'}
    hasBin: true

  '@biomejs/cli-darwin-arm64@2.3.11':
    resolution: {integrity: sha512-/uXXkBcPKVQY7rc9Ys2CrlirBJYbpESEDme7RKiBD6MmqR2w3j0+ZZXRIL2xiaNPsIMMNhP1YnA+jRRxoOAFrA==}
    engines: {node: '>=14.21.3'}
    cpu: [arm64]
    os: [darwin]

  '@biomejs/cli-darwin-x64@2.3.11':
    resolution: {integrity: sha512-fh7nnvbweDPm2xEmFjfmq7zSUiox88plgdHF9OIW4i99WnXrAC3o2P3ag9judoUMv8FCSUnlwJCM1B64nO5Fbg==}
    engines: {node: '>=14.21.3'}
    cpu: [x64]
    os: [darwin]

  '@biomejs/cli-linux-arm64-musl@2.3.11':
    resolution: {integrity: sha512-XPSQ+XIPZMLaZ6zveQdwNjbX+QdROEd1zPgMwD47zvHV+tCGB88VH+aynyGxAHdzL+Tm/+DtKST5SECs4iwCLg==}
    engines: {node: '>=14.21.3'}
    cpu: [arm64]
    os: [linux]

  '@biomejs/cli-linux-arm64@2.3.11':
    resolution: {integrity: sha512-l4xkGa9E7Uc0/05qU2lMYfN1H+fzzkHgaJoy98wO+b/7Gl78srbCRRgwYSW+BTLixTBrM6Ede5NSBwt7rd/i6g==}
    engines: {node: '>=14.21.3'}
    cpu: [arm64]
    os: [linux]

  '@biomejs/cli-linux-x64-musl@2.3.11':
    resolution: {integrity: sha512-vU7a8wLs5C9yJ4CB8a44r12aXYb8yYgBn+WeyzbMjaCMklzCv1oXr8x+VEyWodgJt9bDmhiaW/I0RHbn7rsNmw==}
    engines: {node: '>=14.21.3'}
    cpu: [x64]
    os: [linux]

  '@biomejs/cli-linux-x64@2.3.11':
    resolution: {integrity: sha512-/1s9V/H3cSe0r0Mv/Z8JryF5x9ywRxywomqZVLHAoa/uN0eY7F8gEngWKNS5vbbN/BsfpCG5yeBT5ENh50Frxg==}
    engines: {node: '>=14.21.3'}
    cpu: [x64]
    os: [linux]

  '@biomejs/cli-win32-arm64@2.3.11':
    resolution: {integrity: sha512-PZQ6ElCOnkYapSsysiTy0+fYX+agXPlWugh6+eQ6uPKI3vKAqNp6TnMhoM3oY2NltSB89hz59o8xIfOdyhi9Iw==}
    engines: {node: '>=14.21.3'}
    cpu: [arm64]
    os: [win32]

  '@biomejs/cli-win32-x64@2.3.11':
    resolution: {integrity: sha512-43VrG813EW+b5+YbDbz31uUsheX+qFKCpXeY9kfdAx+ww3naKxeVkTD9zLIWxUPfJquANMHrmW3wbe/037G0Qg==}
    engines: {node: '>=14.21.3'}
    cpu: [x64]
    os: [win32]

  '@codama/cli@1.4.4':
    resolution: {integrity: sha512-0uLecW/RZC2c1wx3j/eiRAYvilvNY+2DoyEYu/hV0OfM1/uIgIyuy5U+wolV+LY4wLFYdApjYdy+5D32lngCHg==}
    hasBin: true

  '@codama/errors@1.5.0':
    resolution: {integrity: sha512-i4cS+S7JaZXhofQHFY3cwzt8rqxUVPNaeJND5VOyKUbtcOi933YXJXk52gDG4mc+CpGqHJijsJjfSpr1lJGxzg==}
    hasBin: true

  '@codama/node-types@1.5.0':
    resolution: {integrity: sha512-Ebz2vOUukmNaFXWdkni1ZihXkAIUnPYtqIMXYxKXOxjMP+TGz2q0lGtRo7sqw1pc2ksFBIkfBp5pZsl5p6gwXA==}

  '@codama/nodes-from-anchor@1.3.8':
    resolution: {integrity: sha512-+nGg7YcXbuqrKDFh/8KBRtR3PcR7bJr4w4jy9pNogHpM5CsDcTEa+fiPRHcYh3CgbaX86DgTfvkEw2dmgf+qzg==}

  '@codama/nodes@1.5.0':
    resolution: {integrity: sha512-yg+xmorWiMNjS3n19CGIt/FZ/ZCuDIu+HEY45bq6gHu1MN3RtJZY+Q3v0ErnBPA60D8mNWkvkKoeSZXfzcAvfw==}

  '@codama/renderers-core@1.3.5':
    resolution: {integrity: sha512-MuZLU+3LZPQb1HuZffwZl+v5JHQDe5LYHGhA1wTMNlwRedYIysSxBjogHNciNIHsKP3JjmqyYmLO5LCEp3hjaQ==}

  '@codama/renderers-js@1.5.5':
    resolution: {integrity: sha512-zYVw8KGRHFzrpPKAv8PJI1pMy28qc/iEMspMC6Iw915Vsg0od75FUmUhDAvrTwgc28oyCmlrsWv6BNON4AKmqQ==}
    engines: {node: '>=20.18.0'}

  '@codama/validators@1.5.0':
    resolution: {integrity: sha512-p3ufDxnCH1jiuHGzcBv4/d+ctzUcKD2K3gX/W8169tC41o9DggjlEpNy1Z6YAAhVb3wHnmXVGA2qmp32rWSfWw==}

  '@codama/visitors-core@1.5.0':
    resolution: {integrity: sha512-3PIAlBX0a06hIxzyPtQMfQcqWGFBgfbwysSwcXBbvHUYbemwhD6xwlBKJuqTwm9DyFj3faStp5fpvcp03Rjxtw==}

  '@codama/visitors@1.5.0':
    resolution: {integrity: sha512-SwtQaleXxAaFz6uHygxki621q4nPUDQlnwEhsg+QKOjHpKWXjLYdJof+R8gUiTV/n7/IeNnjvxJTTNfUsvETPQ==}

  '@esbuild/aix-ppc64@0.27.2':
    resolution: {integrity: sha512-GZMB+a0mOMZs4MpDbj8RJp4cw+w1WV5NYD6xzgvzUJ5Ek2jerwfO2eADyI6ExDSUED+1X8aMbegahsJi+8mgpw==}
    engines: {node: '>=18'}
    cpu: [ppc64]
    os: [aix]

  '@esbuild/android-arm64@0.27.2':
    resolution: {integrity: sha512-pvz8ZZ7ot/RBphf8fv60ljmaoydPU12VuXHImtAs0XhLLw+EXBi2BLe3OYSBslR4rryHvweW5gmkKFwTiFy6KA==}
    engines: {node: '>=18'}
    cpu: [arm64]
    os: [android]

  '@esbuild/android-arm@0.27.2':
    resolution: {integrity: sha512-DVNI8jlPa7Ujbr1yjU2PfUSRtAUZPG9I1RwW4F4xFB1Imiu2on0ADiI/c3td+KmDtVKNbi+nffGDQMfcIMkwIA==}
    engines: {node: '>=18'}
    cpu: [arm]
    os: [android]

  '@esbuild/android-x64@0.27.2':
    resolution: {integrity: sha512-z8Ank4Byh4TJJOh4wpz8g2vDy75zFL0TlZlkUkEwYXuPSgX8yzep596n6mT7905kA9uHZsf/o2OJZubl2l3M7A==}
    engines: {node: '>=18'}
    cpu: [x64]
    os: [android]

  '@esbuild/darwin-arm64@0.27.2':
    resolution: {integrity: sha512-davCD2Zc80nzDVRwXTcQP/28fiJbcOwvdolL0sOiOsbwBa72kegmVU0Wrh1MYrbuCL98Omp5dVhQFWRKR2ZAlg==}
    engines: {node: '>=18'}
    cpu: [arm64]
    os: [darwin]

  '@esbuild/darwin-x64@0.27.2':
    resolution: {integrity: sha512-ZxtijOmlQCBWGwbVmwOF/UCzuGIbUkqB1faQRf5akQmxRJ1ujusWsb3CVfk/9iZKr2L5SMU5wPBi1UWbvL+VQA==}
    engines: {node: '>=18'}
    cpu: [x64]
    os: [darwin]

  '@esbuild/freebsd-arm64@0.27.2':
    resolution: {integrity: sha512-lS/9CN+rgqQ9czogxlMcBMGd+l8Q3Nj1MFQwBZJyoEKI50XGxwuzznYdwcav6lpOGv5BqaZXqvBSiB/kJ5op+g==}
    engines: {node: '>=18'}
    cpu: [arm64]
    os: [freebsd]

  '@esbuild/freebsd-x64@0.27.2':
    resolution: {integrity: sha512-tAfqtNYb4YgPnJlEFu4c212HYjQWSO/w/h/lQaBK7RbwGIkBOuNKQI9tqWzx7Wtp7bTPaGC6MJvWI608P3wXYA==}
    engines: {node: '>=18'}
    cpu: [x64]
    os: [freebsd]

  '@esbuild/linux-arm64@0.27.2':
    resolution: {integrity: sha512-hYxN8pr66NsCCiRFkHUAsxylNOcAQaxSSkHMMjcpx0si13t1LHFphxJZUiGwojB1a/Hd5OiPIqDdXONia6bhTw==}
    engines: {node: '>=18'}
    cpu: [arm64]
    os: [linux]

  '@esbuild/linux-arm@0.27.2':
    resolution: {integrity: sha512-vWfq4GaIMP9AIe4yj1ZUW18RDhx6EPQKjwe7n8BbIecFtCQG4CfHGaHuh7fdfq+y3LIA2vGS/o9ZBGVxIDi9hw==}
    engines: {node: '>=18'}
    cpu: [arm]
    os: [linux]

  '@esbuild/linux-ia32@0.27.2':
    resolution: {integrity: sha512-MJt5BRRSScPDwG2hLelYhAAKh9imjHK5+NE/tvnRLbIqUWa+0E9N4WNMjmp/kXXPHZGqPLxggwVhz7QP8CTR8w==}
    engines: {node: '>=18'}
    cpu: [ia32]
    os: [linux]

  '@esbuild/linux-loong64@0.27.2':
    resolution: {integrity: sha512-lugyF1atnAT463aO6KPshVCJK5NgRnU4yb3FUumyVz+cGvZbontBgzeGFO1nF+dPueHD367a2ZXe1NtUkAjOtg==}
    engines: {node: '>=18'}
    cpu: [loong64]
    os: [linux]

  '@esbuild/linux-mips64el@0.27.2':
    resolution: {integrity: sha512-nlP2I6ArEBewvJ2gjrrkESEZkB5mIoaTswuqNFRv/WYd+ATtUpe9Y09RnJvgvdag7he0OWgEZWhviS1OTOKixw==}
    engines: {node: '>=18'}
    cpu: [mips64el]
    os: [linux]

  '@esbuild/linux-ppc64@0.27.2':
    resolution: {integrity: sha512-C92gnpey7tUQONqg1n6dKVbx3vphKtTHJaNG2Ok9lGwbZil6DrfyecMsp9CrmXGQJmZ7iiVXvvZH6Ml5hL6XdQ==}
    engines: {node: '>=18'}
    cpu: [ppc64]
    os: [linux]

  '@esbuild/linux-riscv64@0.27.2':
    resolution: {integrity: sha512-B5BOmojNtUyN8AXlK0QJyvjEZkWwy/FKvakkTDCziX95AowLZKR6aCDhG7LeF7uMCXEJqwa8Bejz5LTPYm8AvA==}
    engines: {node: '>=18'}
    cpu: [riscv64]
    os: [linux]

  '@esbuild/linux-s390x@0.27.2':
    resolution: {integrity: sha512-p4bm9+wsPwup5Z8f4EpfN63qNagQ47Ua2znaqGH6bqLlmJ4bx97Y9JdqxgGZ6Y8xVTixUnEkoKSHcpRlDnNr5w==}
    engines: {node: '>=18'}
    cpu: [s390x]
    os: [linux]

  '@esbuild/linux-x64@0.27.2':
    resolution: {integrity: sha512-uwp2Tip5aPmH+NRUwTcfLb+W32WXjpFejTIOWZFw/v7/KnpCDKG66u4DLcurQpiYTiYwQ9B7KOeMJvLCu/OvbA==}
    engines: {node: '>=18'}
    cpu: [x64]
    os: [linux]

  '@esbuild/netbsd-arm64@0.27.2':
    resolution: {integrity: sha512-Kj6DiBlwXrPsCRDeRvGAUb/LNrBASrfqAIok+xB0LxK8CHqxZ037viF13ugfsIpePH93mX7xfJp97cyDuTZ3cw==}
    engines: {node: '>=18'}
    cpu: [arm64]
    os: [netbsd]

  '@esbuild/netbsd-x64@0.27.2':
    resolution: {integrity: sha512-HwGDZ0VLVBY3Y+Nw0JexZy9o/nUAWq9MlV7cahpaXKW6TOzfVno3y3/M8Ga8u8Yr7GldLOov27xiCnqRZf0tCA==}
    engines: {node: '>=18'}
    cpu: [x64]
    os: [netbsd]

  '@esbuild/openbsd-arm64@0.27.2':
    resolution: {integrity: sha512-DNIHH2BPQ5551A7oSHD0CKbwIA/Ox7+78/AWkbS5QoRzaqlev2uFayfSxq68EkonB+IKjiuxBFoV8ESJy8bOHA==}
    engines: {node: '>=18'}
    cpu: [arm64]
    os: [openbsd]

  '@esbuild/openbsd-x64@0.27.2':
    resolution: {integrity: sha512-/it7w9Nb7+0KFIzjalNJVR5bOzA9Vay+yIPLVHfIQYG/j+j9VTH84aNB8ExGKPU4AzfaEvN9/V4HV+F+vo8OEg==}
    engines: {node: '>=18'}
    cpu: [x64]
    os: [openbsd]

  '@esbuild/openharmony-arm64@0.27.2':
    resolution: {integrity: sha512-LRBbCmiU51IXfeXk59csuX/aSaToeG7w48nMwA6049Y4J4+VbWALAuXcs+qcD04rHDuSCSRKdmY63sruDS5qag==}
    engines: {node: '>=18'}
    cpu: [arm64]
    os: [openharmony]

  '@esbuild/sunos-x64@0.27.2':
    resolution: {integrity: sha512-kMtx1yqJHTmqaqHPAzKCAkDaKsffmXkPHThSfRwZGyuqyIeBvf08KSsYXl+abf5HDAPMJIPnbBfXvP2ZC2TfHg==}
    engines: {node: '>=18'}
    cpu: [x64]
    os: [sunos]

  '@esbuild/win32-arm64@0.27.2':
    resolution: {integrity: sha512-Yaf78O/B3Kkh+nKABUF++bvJv5Ijoy9AN1ww904rOXZFLWVc5OLOfL56W+C8F9xn5JQZa3UX6m+IktJnIb1Jjg==}
    engines: {node: '>=18'}
    cpu: [arm64]
    os: [win32]

  '@esbuild/win32-ia32@0.27.2':
    resolution: {integrity: sha512-Iuws0kxo4yusk7sw70Xa2E2imZU5HoixzxfGCdxwBdhiDgt9vX9VUCBhqcwY7/uh//78A1hMkkROMJq9l27oLQ==}
    engines: {node: '>=18'}
    cpu: [ia32]
    os: [win32]

  '@esbuild/win32-x64@0.27.2':
    resolution: {integrity: sha512-sRdU18mcKf7F+YgheI/zGf5alZatMUTKj/jNS6l744f9u3WFu4v7twcUI9vu4mknF4Y9aDlblIie0IM+5xxaqQ==}
    engines: {node: '>=18'}
    cpu: [x64]
    os: [win32]

  '@noble/hashes@2.0.1':
    resolution: {integrity: sha512-XlOlEbQcE9fmuXxrVTXCTlG2nlRXa9Rj3rr5Ue/+tX+nmkgbX720YHh0VR3hBF9xDvwnb8D2shVGOwNx+ulArw==}
    engines: {node: '>= 20.19.0'}

  '@solana/accounts@5.3.0':
    resolution: {integrity: sha512-KyK6kBIQgoj4r93HFUnqjrCu+3l6NN3SRkwDHLb5S1iSzHDEtNtSM6l4XgRAPS4jyeY0n4RlHThRuvG5CbbhJw==}
    engines: {node: '>=20.18.0'}
    peerDependencies:
      typescript: '>=5.9.3'

  '@solana/addresses@5.3.0':
    resolution: {integrity: sha512-HFrtIpdgkf+2yUT63E6DrYjVu/l4TGy8HDjkCjTHwl7YVoqDasgFADmd9cQ3YVXKrNnvwMLS4pYQsQdgcwXiZw==}
    engines: {node: '>=20.18.0'}
    peerDependencies:
      typescript: '>=5.9.3'

  '@solana/assertions@5.3.0':
    resolution: {integrity: sha512-SiZ0pOvNmOa9i7hn7EG4QUnxoq6+YBKmjsIK/9p5VQD0s45WlKp0Xelks4BPDEb+/lmkl8zmoAsOv7sV75mc+g==}
    engines: {node: '>=20.18.0'}
    peerDependencies:
      typescript: '>=5.9.3'

  '@solana/codecs-core@5.3.0':
    resolution: {integrity: sha512-wqpiKtej8GePdraHk3YnoJY1N/Hutn4w0CD/45hNKiXPG5F3mlasaBWq8m86K7WUdjQVAsGTgiSgoZo64Aw17w==}
    engines: {node: '>=20.18.0'}
    peerDependencies:
      typescript: '>=5.9.3'

  '@solana/codecs-data-structures@5.3.0':
    resolution: {integrity: sha512-MdJTYdBF0OwyMuZOTrccHtfl1Sfcp1/l/7AQjxqOWk+Enbg2Kkx8OP8eKqVipdqvYdk9LcC132fXfyemWdB88g==}
    engines: {node: '>=20.18.0'}
    peerDependencies:
      typescript: '>=5.9.3'

  '@solana/codecs-numbers@5.3.0':
    resolution: {integrity: sha512-NLsRSKpRzGT5h5UL4jEShE5C49S2E/oM3YAltdbsFyxuTKo0u4JA+GzBLD1UxEG5177WMY/wtVVTe5qWCDdyzA==}
    engines: {node: '>=20.18.0'}
    peerDependencies:
      typescript: '>=5.9.3'

  '@solana/codecs-strings@5.3.0':
    resolution: {integrity: sha512-hnTYlxGCcQcqZr0lHqSW/dbEWAnH+4Ery+FSv9Rd2fEI/qcDxA5by0IxDIm+imFGLsnXZwLSnYBuF57YOoMzhQ==}
    engines: {node: '>=20.18.0'}
    peerDependencies:
      fastestsmallesttextencoderdecoder: ^1.0.22
      typescript: '>=5.9.3'
    peerDependenciesMeta:
      fastestsmallesttextencoderdecoder:
        optional: true

  '@solana/codecs@5.3.0':
    resolution: {integrity: sha512-zuBpLSMBoZzWNCNNNMTKJSk9OAqkV4SYO+g4zuz/RTiMHu3B1j0KfSJ0S4k/Aa0YBgK/Ukc0GxsT8QE+GB3Snw==}
    engines: {node: '>=20.18.0'}
    peerDependencies:
      typescript: '>=5.9.3'

  '@solana/errors@5.3.0':
    resolution: {integrity: sha512-oeTwCQG4JBNI6dd1XxA04sX18HPiiWts10FokXrdjaMH2sCJRxecpUTzCvCsPlb8FAVswRu1bi4HuN9uVHTBNQ==}
    engines: {node: '>=20.18.0'}
    hasBin: true
    peerDependencies:
      typescript: '>=5.9.3'

  '@solana/fast-stable-stringify@5.3.0':
    resolution: {integrity: sha512-wyTp8j9wFfFj+1QxUBBC0aZTm84FDdnJZ/Lr4Nhk/2qiQRP1RwMaDCo3ubdkRox+RoNtVdeHrvMBer7U1fyhJA==}
    engines: {node: '>=20.18.0'}
    peerDependencies:
      typescript: '>=5.9.3'

  '@solana/functional@5.3.0':
    resolution: {integrity: sha512-f/oONHHBxaKjCvCXp1waZEUsdnAiQYtX1iDejKp9iNW6YG5v5PxTHzf+EMxBXeyV2UhSjO8V3wjBMPFqgqzRZQ==}
    engines: {node: '>=20.18.0'}
    peerDependencies:
      typescript: '>=5.9.3'

  '@solana/instruction-plans@5.3.0':
    resolution: {integrity: sha512-wC+SFPc5izs0ZoPmJ4lyAZzV2Ieyj5OWQGZgRjETHkz3vBYI5K/3pwA/3T40OwMX4D8YfXAIy9qq0ExROuUmqg==}
    engines: {node: '>=20.18.0'}
    peerDependencies:
      typescript: '>=5.9.3'

  '@solana/instructions@5.3.0':
    resolution: {integrity: sha512-jYA+fdi9h3wF/CQLoa6LooXAsvBriyc51ySXzXDDC/0aIzT9hUo9gMvqIxmTRQSTmy9O7ay2tfPYeAopaFfubg==}
    engines: {node: '>=20.18.0'}
    peerDependencies:
      typescript: '>=5.9.3'

  '@solana/keys@5.3.0':
    resolution: {integrity: sha512-0F1eMibq2OIXIozFrrDxJtXJoo9ef1JUCFjQ4FkhRAoXYWLPczAFHNLq/YUORvKDOBwoS0q1DfvY5FjqPhlDSQ==}
    engines: {node: '>=20.18.0'}
    peerDependencies:
      typescript: '>=5.9.3'

  '@solana/kit@5.3.0':
    resolution: {integrity: sha512-5QoEZCnEz4VCzgbXhEOaU2Hg9Rug3w43iNkLg0wUaGkqKTVasAJ1Sd5l5SpPjGEGc70vNVnrFNb7e9GTmRFeXg==}
    engines: {node: '>=20.18.0'}
    peerDependencies:
      typescript: '>=5.9.3'

  '@solana/nominal-types@5.3.0':
    resolution: {integrity: sha512-fuPBOM/zZNTNqMPu2LYtdA47OQ2A/IwziEUOXyW3+tO3Qluzh0fKQ/xqOtbl1HsZd7Inip1N062xbltr3DwD+A==}
    engines: {node: '>=20.18.0'}
    peerDependencies:
      typescript: '>=5.9.3'

  '@solana/offchain-messages@5.3.0':
    resolution: {integrity: sha512-jdb5XvIBRsdBLu4aemXVWmZc8jkI6nXYayHE/S5Yq5W4hBcqxJvdENxh0MZYCPVo5x+8NwtS3Yug3vGoERGIzA==}
    engines: {node: '>=20.18.0'}
    peerDependencies:
      typescript: '>=5.9.3'

  '@solana/options@5.3.0':
    resolution: {integrity: sha512-vByKXs7jgEvyHGkj30sskxHhfXAzVZC/vDoW8EyJW+95VeydGJXoxgfzLgnDlEeFt66d8i/+wxiD/8napMdgZg==}
    engines: {node: '>=20.18.0'}
    peerDependencies:
      typescript: '>=5.9.3'

  '@solana/plugin-core@5.3.0':
    resolution: {integrity: sha512-UKIeW2gxLY9z9bzSJYAzRS/JG4I7D6y8cBBo1QUHNOUEDI1Fd4+pK3neLgw+VQKttzJgA184KFwyCO16m8wd/w==}
    engines: {node: '>=20.18.0'}
    peerDependencies:
      typescript: '>=5.3.3'

  '@solana/programs@5.3.0':
    resolution: {integrity: sha512-GtA3xeUkYMBLDRLRtaodPyJu+Eey0jnpwJnd9/05fofZyinQ09k+a0kaGZ1R829HGBnJTnhq/qGnPN5zqSi0qA==}
    engines: {node: '>=20.18.0'}
    peerDependencies:
      typescript: '>=5.9.3'

  '@solana/promises@5.3.0':
    resolution: {integrity: sha512-DzFBtUeNOheBvDLHXDPQ5nUGTdwaFYEhA+3vAOs66vC41/kdcWVllDQVj32HOePDoXlxGGczd8VpOt+dzw94MA==}
    engines: {node: '>=20.18.0'}
    peerDependencies:
      typescript: '>=5.9.3'

  '@solana/rpc-api@5.3.0':
    resolution: {integrity: sha512-dBkjKa4scDjcNDq+YQ1xePwinkTMqMm3HcZM9pupfBV8owoqLG9ZcZ6ZXp9/sIEIX+xWxVmW2vj4L/EwtbrC5A==}
    engines: {node: '>=20.18.0'}
    peerDependencies:
      typescript: '>=5.9.3'

  '@solana/rpc-parsed-types@5.3.0':
    resolution: {integrity: sha512-D5lLmgWb3O1WapSypnFWS9eJSklDJs8LDsJbzvwNwXpDAi/6e804NphiYnuWqpd5en8LyRb7E2XoP14F292bbw==}
    engines: {node: '>=20.18.0'}
    peerDependencies:
      typescript: '>=5.9.3'

  '@solana/rpc-spec-types@5.3.0':
    resolution: {integrity: sha512-6U7WYnuZ6HTYxyapwvPeam/wNP22uKxVH4afB5hHaYJ5PgNGF4GsZhVOgIO7CwgP2ChNq3F4X1tF/7Ly4xEOQw==}
    engines: {node: '>=20.18.0'}
    peerDependencies:
      typescript: '>=5.9.3'

  '@solana/rpc-spec@5.3.0':
    resolution: {integrity: sha512-w316DNQXi738wvhQtY38hb9/TRU0KoIJkPh4QrmBPGwb3Gi3fI0GyeLNb7RQ+LciNX8/WSmRfXygxSTFYcD+3A==}
    engines: {node: '>=20.18.0'}
    peerDependencies:
      typescript: '>=5.9.3'

  '@solana/rpc-subscriptions-api@5.3.0':
    resolution: {integrity: sha512-aNd1LGgsIYtxiStwxvGtcZQUj79UeHX1fPYV9cj/VxyAsmFDiMhsY78/p5F4xLT2JxQUSzLRLLbNFOeYvt6LiQ==}
    engines: {node: '>=20.18.0'}
    peerDependencies:
      typescript: '>=5.9.3'

  '@solana/rpc-subscriptions-channel-websocket@5.3.0':
    resolution: {integrity: sha512-l+e7gBFujFyOVztJfQ6uS8mnzDCji+uk/Ff0FbhTPYBuaKNm7LYR0H0WqAugmRbKd7Lc2RoIqR9XnAnN4qbPcQ==}
    engines: {node: '>=20.18.0'}
    peerDependencies:
      typescript: '>=5.9.3'

  '@solana/rpc-subscriptions-spec@5.3.0':
    resolution: {integrity: sha512-tkpFBtwjCQhrtvr1oTVn1q1Fgsr258uz6fOiOfkSfpG7i/zCRhU2V+XFdZlli6vh7iFaejHxIKOAykn3a0yjyg==}
    engines: {node: '>=20.18.0'}
    peerDependencies:
      typescript: '>=5.9.3'

  '@solana/rpc-subscriptions@5.3.0':
    resolution: {integrity: sha512-T0py1fn3asCUeeRh1L9w+FhaHQEq+TBCZ9o7LBONEbQTgdwH8AIcUhyR8HDyDce2wo7bWpADXJCdyk3eUlFUZA==}
    engines: {node: '>=20.18.0'}
    peerDependencies:
      typescript: '>=5.9.3'

  '@solana/rpc-transformers@5.3.0':
    resolution: {integrity: sha512-N9Au1uu2sI9U+tAxWpWn8oJZwtTDzZ1CDhXr0DWahQoaWjiMKxzoMNA2UCF0Nn1ose8x87yzMXUK91xXAvpYfw==}
    engines: {node: '>=20.18.0'}
    peerDependencies:
      typescript: '>=5.9.3'

  '@solana/rpc-transport-http@5.3.0':
    resolution: {integrity: sha512-Z+0l90HkL/Sj8onQKcWQXYYORppCf81b76oN0gdjpOGJdFpT64aVwB47CV+NUxnSb/MTp62i3wmNOtPsCTz0Yg==}
    engines: {node: '>=20.18.0'}
    peerDependencies:
      typescript: '>=5.9.3'

  '@solana/rpc-types@5.3.0':
    resolution: {integrity: sha512-L9qMvr5wDk+rZ1qiWHtYl8Ec7M7AkhB9uYQef21pZb7fkeksLoO7DZHrLMTiOYbMWHjGBO2rXYef+SXBxd206g==}
    engines: {node: '>=20.18.0'}
    peerDependencies:
      typescript: '>=5.9.3'

  '@solana/rpc@5.3.0':
    resolution: {integrity: sha512-7jrOAej8Jk5F4EU3i5/91Z5Kg4e20KtWzOUZkU7zDSCImLeAi+1fUDa+vMNBMrDfKqWksFj/wJwGeRPk43P+Bg==}
    engines: {node: '>=20.18.0'}
    peerDependencies:
      typescript: '>=5.9.3'

  '@solana/signers@5.3.0':
    resolution: {integrity: sha512-npihqbS1/rL8RSUv0RFlo1xakJdZGNyBrzGBMSxDBIYuYMwjuk4FNq70ka547yFdjTCd9mBzvZpAR2vh4fjmwg==}
    engines: {node: '>=20.18.0'}
    peerDependencies:
      typescript: '>=5.9.3'

  '@solana/subscribable@5.3.0':
    resolution: {integrity: sha512-tn6DnIR5xRspiO2untzznr0KpUZRm71cMNgJlNh3H6t3zph7P800EbFYMkPvPcCDWZf3S+ALiLAeNyrNPgSPsg==}
    engines: {node: '>=20.18.0'}
    peerDependencies:
      typescript: '>=5.9.3'

  '@solana/sysvars@5.3.0':
    resolution: {integrity: sha512-hkXnOaGPRWC0/79Br+sjENrPtYunlXZ5o0sC/ZEBlguKv+/yP/cZeoHYKoFzF8X3YHFp9dawNhtroEj1/B+hWQ==}
    engines: {node: '>=20.18.0'}
    peerDependencies:
      typescript: '>=5.9.3'

  '@solana/transaction-confirmation@5.3.0':
    resolution: {integrity: sha512-tVJw87q691FibuRmqkU+sOjcV3hl1yI4ATVLbS6cewPlZZ2XI/uAzKHwZt08N/llbFHKeLHY3pKUMve3fSYJPw==}
    engines: {node: '>=20.18.0'}
    peerDependencies:
      typescript: '>=5.9.3'

  '@solana/transaction-messages@5.3.0':
    resolution: {integrity: sha512-36O2ccWYdDIq1HwzSExTwQFryY1M21Zw1AUpxJozHv79b6FAE5/hrsM/NOEEVipVvsNCUPC7xDs6nv3DEC8oWg==}
    engines: {node: '>=20.18.0'}
    peerDependencies:
      typescript: '>=5.9.3'

  '@solana/transactions@5.3.0':
    resolution: {integrity: sha512-dxbKRxMTV7BM0hFHCmsBi5/bfRNjH8TPqicR4K6YhL9u0T5eAnDsTZXCX3pGFbOxx7sHs9CFoy12M58+9xVrJw==}
    engines: {node: '>=20.18.0'}
    peerDependencies:
      typescript: '>=5.9.3'

  '@types/node@25.0.6':
    resolution: {integrity: sha512-NNu0sjyNxpoiW3YuVFfNz7mxSQ+S4X2G28uqg2s+CzoqoQjLPsWSbsFFyztIAqt2vb8kfEAsJNepMGPTxFDx3Q==}

  call-bind-apply-helpers@1.0.2:
    resolution: {integrity: sha512-Sp1ablJ0ivDkSzjcaJdxEunN5/XvksFJ2sMBFfq6x0ryhQV/2b/KwFe21cMpmHtPOSij8K99/wSfoEuTObmuMQ==}
    engines: {node: '>= 0.4'}

  call-bind@1.0.8:
    resolution: {integrity: sha512-oKlSFMcMwpUg2ednkhQ454wfWiU/ul3CkJe/PEHcTKuiX6RpbehUiFMXu13HalGZxfUwCQzZG747YXBn1im9ww==}
    engines: {node: '>= 0.4'}

  call-bound@1.0.4:
    resolution: {integrity: sha512-+ys997U96po4Kx/ABpBCqhA9EuxJaQWDQg7295H4hBphv3IZg0boBKuwYpt4YXp6MZ5AmZQnU/tyMTlRpaSejg==}
    engines: {node: '>= 0.4'}

  chalk@5.6.2:
    resolution: {integrity: sha512-7NzBL0rN6fMUW+f7A6Io4h40qQlG+xGmtMxfbnH/K7TAtt8JQWVQK+6g0UXKMeVJoyV5EkkNsErQ8pVD3bLHbA==}
    engines: {node: ^12.17.0 || ^14.13 || >=16.0.0}

  codama@1.5.0:
    resolution: {integrity: sha512-hhfSzrOiDX3bV7QmJneEBsBk3ln4gIcMJs6P8BlEJ3EFI+P0QZaTT5W61o8Tq0/79hTZeyj0gP65HZ/LYJil+w==}
    hasBin: true

  commander@14.0.2:
    resolution: {integrity: sha512-TywoWNNRbhoD0BXs1P3ZEScW8W5iKrnbithIl0YH+uCmBd0QpPOA8yc82DS3BIE5Ma6FnBVUsJ7wVUDz4dvOWQ==}
    engines: {node: '>=20'}

  define-data-property@1.1.4:
    resolution: {integrity: sha512-rBMvIzlpA8v6E+SJZoo++HAYqsLrkg7MSfIinMPFhmkorw7X+dOXVJQs+QT69zGkzMyfDnIMN2Wid1+NbL3T+A==}
    engines: {node: '>= 0.4'}

  dunder-proto@1.0.1:
    resolution: {integrity: sha512-KIN/nDJBQRcXw0MLVhZE9iQHmG68qAVIBg9CqmUYjmQIhgij9U5MFvrqkUL5FbtyyzZuOeOt0zdeRe4UY7ct+A==}
    engines: {node: '>= 0.4'}

  es-define-property@1.0.1:
    resolution: {integrity: sha512-e3nRfgfUZ4rNGL232gUgX06QNyyez04KdjFrF+LTRoOXmrOgFKDg4BCdsjW8EnT69eqdYGmRpJwiPVYNrCaW3g==}
    engines: {node: '>= 0.4'}

  es-errors@1.3.0:
    resolution: {integrity: sha512-Zf5H2Kxt2xjTvbJvP2ZWLEICxA6j+hAmMzIlypy4xcBg1vKVnx89Wy0GbS+kf5cwCVFFzdCFh2XSCFNULS6csw==}
    engines: {node: '>= 0.4'}

  es-object-atoms@1.1.1:
    resolution: {integrity: sha512-FGgH2h8zKNim9ljj7dankFPcICIK9Cp5bm+c2gQSYePhpaG5+esrLODihIorn+Pe6FGJzWhXQotPv73jTaldXA==}
    engines: {node: '>= 0.4'}

  esbuild@0.27.2:
    resolution: {integrity: sha512-HyNQImnsOC7X9PMNaCIeAm4ISCQXs5a5YasTXVliKv4uuBo1dKrG0A+uQS8M5eXjVMnLg3WgXaKvprHlFJQffw==}
    engines: {node: '>=18'}
    hasBin: true

  fsevents@2.3.3:
    resolution: {integrity: sha512-5xoDfX+fL7faATnagmWPpbFtwh/R77WmMMqqHGS65C3vvB0YHrgF+B1YmZ3441tMj5n63k0212XNoJwzlhffQw==}
    engines: {node: ^8.16.0 || ^10.6.0 || >=11.0.0}
    os: [darwin]

  function-bind@1.1.2:
    resolution: {integrity: sha512-7XHNxH7qX9xG5mIwxkhumTox/MIRNcOgDrxWsMt2pAr23WHp6MrRlN7FBSFpCpr+oVO0F744iUgR82nJMfG2SA==}

  get-intrinsic@1.3.0:
    resolution: {integrity: sha512-9fSjSaos/fRIVIp+xSJlE6lfwhES7LNtKaCBIamHsjr2na1BiABJPo0mOjjz8GJDURarmCPGqaiVg5mfjb98CQ==}
    engines: {node: '>= 0.4'}

  get-proto@1.0.1:
    resolution: {integrity: sha512-sTSfBjoXBp89JvIKIefqw7U2CCebsc74kiY6awiGogKtoSGbgjYE/G/+l9sF3MWFPNc9IcoOC4ODfKHfxFmp0g==}
    engines: {node: '>= 0.4'}

  get-tsconfig@4.13.0:
    resolution: {integrity: sha512-1VKTZJCwBrvbd+Wn3AOgQP/2Av+TfTCOlE4AcRJE72W1ksZXbAx8PPBR9RzgTeSPzlPMHrbANMH3LbltH73wxQ==}

  gopd@1.2.0:
    resolution: {integrity: sha512-ZUKRh6/kUFoAiTAtTYPZJ3hw9wNxx+BIBOijnlG9PnrJsCcSjs1wyyD6vJpaYtgnzDrKYRSqf3OO6Rfa93xsRg==}
    engines: {node: '>= 0.4'}

  has-property-descriptors@1.0.2:
    resolution: {integrity: sha512-55JNKuIW+vq4Ke1BjOTjM2YctQIvCT7GFzHwmfZPGo5wnrgkid0YQtnAleFSqumZm4az3n2BS+erby5ipJdgrg==}

  has-symbols@1.1.0:
    resolution: {integrity: sha512-1cDNdwJ2Jaohmb3sg4OmKaMBwuC48sYni5HUw2DvsC8LjGTLK9h+eb1X6RyuOHe4hT0ULCW68iomhjUoKUqlPQ==}
    engines: {node: '>= 0.4'}

  hasown@2.0.2:
    resolution: {integrity: sha512-0hJU9SCPvmMzIBdZFqNPXWa6dqh7WdH0cII9y+CyS8rG3nL48Bclra9HmKhVVUHyPWNH5Y7xDwAB7bfgSjkUMQ==}
    engines: {node: '>= 0.4'}

  isarray@2.0.5:
    resolution: {integrity: sha512-xHjhDr3cNBK0BzdUJSPXZntQUx/mwMS5Rw4A7lPJ90XGAO6ISP/ePDNuo0vhqOZU+UD5JoodwCAAoZQd3FeAKw==}

  json-stable-stringify@1.3.0:
    resolution: {integrity: sha512-qtYiSSFlwot9XHtF9bD9c7rwKjr+RecWT//ZnPvSmEjpV5mmPOCN4j8UjY5hbjNkOwZ/jQv3J6R1/pL7RwgMsg==}
    engines: {node: '>= 0.4'}

  jsonify@0.0.1:
    resolution: {integrity: sha512-2/Ki0GcmuqSrgFyelQq9M05y7PS0mEwuIzrf3f1fPqkVDVRvZrPZtVSMHxdgo8Aq0sxAOb/cr2aqqA3LeWHVPg==}

  kleur@3.0.3:
    resolution: {integrity: sha512-eTIzlVOSUR+JxdDFepEYcBMtZ9Qqdef+rnzWdRZuMbOywu5tO2w2N7rqjoANZ5k9vywhL6Br1VRjUIgTQx4E8w==}
    engines: {node: '>=6'}

  math-intrinsics@1.1.0:
    resolution: {integrity: sha512-/IXtbwEk5HTPyEwyKX6hGkYXxM9nbj64B+ilVJnC/R6B0pH5G4V3b0pVbL7DBj4tkhBAppbQUlf6F6Xl9LHu1g==}
    engines: {node: '>= 0.4'}

  object-keys@1.1.1:
    resolution: {integrity: sha512-NuAESUOUMrlIXOfHKzD6bpPu3tYt3xvjNdRIQ+FeT0lNb4K8WR70CaDxhuNguS2XG+GjkyMwOzsN5ZktImfhLA==}
    engines: {node: '>= 0.4'}

  picocolors@1.1.1:
    resolution: {integrity: sha512-xceH2snhtb5M9liqDsmEw56le376mTZkEX/jEb/RxNFyegNul7eNslCXP9FDj/Lcu0X8KEyMceP2ntpaHrDEVA==}

  prettier@3.7.4:
    resolution: {integrity: sha512-v6UNi1+3hSlVvv8fSaoUbggEM5VErKmmpGA7Pl3HF8V6uKY7rvClBOJlH6yNwQtfTueNkGVpOv/mtWL9L4bgRA==}
    engines: {node: '>=14'}
    hasBin: true

  prompts@2.4.2:
    resolution: {integrity: sha512-NxNv/kLguCA7p3jE8oL2aEBsrJWgAakBpgmgK6lpPWV+WuOmY6r2/zbAVnP+T8bQlA0nzHXSJSJW0Hq7ylaD2Q==}
    engines: {node: '>= 6'}

  resolve-pkg-maps@1.0.0:
    resolution: {integrity: sha512-seS2Tj26TBVOC2NIc2rOe2y2ZO7efxITtLZcGSOnHHNOQ7CkiUBfw0Iw2ck6xkIhPwLhKNLS8BO+hEpngQlqzw==}

  semver@7.7.3:
    resolution: {integrity: sha512-SdsKMrI9TdgjdweUSR9MweHA4EJ8YxHn8DFaDisvhVlUOe4BF1tLD7GAj0lIqWVl+dPb/rExr0Btby5loQm20Q==}
    engines: {node: '>=10'}
    hasBin: true

  set-function-length@1.2.2:
    resolution: {integrity: sha512-pgRc4hJ4/sNjWCSS9AmnS40x3bNMDTknHgL5UaMBTMyJnU90EgWh1Rz+MC9eFu4BuN/UwZjKQuY/1v3rM7HMfg==}
    engines: {node: '>= 0.4'}

  sisteransi@1.0.5:
    resolution: {integrity: sha512-bLGGlR1QxBcynn2d5YmDX4MGjlZvy2MRBDRNHLJ8VI6l6+9FUiyTFNJ0IveOSP0bcXgVDPRcfGqA0pjaqUpfVg==}

  tsx@4.21.0:
    resolution: {integrity: sha512-5C1sg4USs1lfG0GFb2RLXsdpXqBSEhAaA/0kPL01wxzpMqLILNxIxIOKiILz+cdg/pLnOUxFYOR5yhHU666wbw==}
    engines: {node: '>=18.0.0'}
    hasBin: true

  typescript@5.9.3:
    resolution: {integrity: sha512-jl1vZzPDinLr9eUt3J/t7V6FgNEw9QjvBPdysz9KfQDD41fQrC2Y4vKQdiaUpFT4bXlb1RHhLpp8wtm6M5TgSw==}
    engines: {node: '>=14.17'}
    hasBin: true

  undici-types@7.16.0:
    resolution: {integrity: sha512-Zz+aZWSj8LE6zoxD+xrjh4VfkIG8Ya6LvYkZqtUQGJPZjYl53ypCaUwWqo7eI0x66KBGeRo+mlBEkMSeSZ38Nw==}

  undici-types@7.18.2:
    resolution: {integrity: sha512-AsuCzffGHJybSaRrmr5eHr81mwJU3kjw6M+uprWvCXiNeN9SOGwQ3Jn8jb8m3Z6izVgknn1R0FTCEAP2QrLY/w==}

  ws@8.19.0:
    resolution: {integrity: sha512-blAT2mjOEIi0ZzruJfIhb3nps74PRWTCz1IjglWEEpQl5XS/UNama6u2/rjFkDDouqr4L67ry+1aGIALViWjDg==}
    engines: {node: '>=10.0.0'}
    peerDependencies:
      bufferutil: ^4.0.1
      utf-8-validate: '>=5.0.2'
    peerDependenciesMeta:
      bufferutil:
        optional: true
      utf-8-validate:
        optional: true

snapshots:

  '@biomejs/biome@2.3.11':
    optionalDependencies:
      '@biomejs/cli-darwin-arm64': 2.3.11
      '@biomejs/cli-darwin-x64': 2.3.11
      '@biomejs/cli-linux-arm64': 2.3.11
      '@biomejs/cli-linux-arm64-musl': 2.3.11
      '@biomejs/cli-linux-x64': 2.3.11
      '@biomejs/cli-linux-x64-musl': 2.3.11
      '@biomejs/cli-win32-arm64': 2.3.11
      '@biomejs/cli-win32-x64': 2.3.11

  '@biomejs/cli-darwin-arm64@2.3.11':
    optional: true

  '@biomejs/cli-darwin-x64@2.3.11':
    optional: true

  '@biomejs/cli-linux-arm64-musl@2.3.11':
    optional: true

  '@biomejs/cli-linux-arm64@2.3.11':
    optional: true

  '@biomejs/cli-linux-x64-musl@2.3.11':
    optional: true

  '@biomejs/cli-linux-x64@2.3.11':
    optional: true

  '@biomejs/cli-win32-arm64@2.3.11':
    optional: true

  '@biomejs/cli-win32-x64@2.3.11':
    optional: true

  '@codama/cli@1.4.4':
    dependencies:
      '@codama/nodes': 1.5.0
      '@codama/visitors': 1.5.0
      '@codama/visitors-core': 1.5.0
      commander: 14.0.2
      picocolors: 1.1.1
      prompts: 2.4.2

  '@codama/errors@1.5.0':
    dependencies:
      '@codama/node-types': 1.5.0
      commander: 14.0.2
      picocolors: 1.1.1

  '@codama/node-types@1.5.0': {}

  '@codama/nodes-from-anchor@1.3.8(typescript@5.9.3)':
    dependencies:
      '@codama/errors': 1.5.0
      '@codama/nodes': 1.5.0
      '@codama/visitors': 1.5.0
      '@noble/hashes': 2.0.1
      '@solana/codecs': 5.3.0(typescript@5.9.3)
    transitivePeerDependencies:
      - fastestsmallesttextencoderdecoder
      - typescript

  '@codama/nodes@1.5.0':
    dependencies:
      '@codama/errors': 1.5.0
      '@codama/node-types': 1.5.0

  '@codama/renderers-core@1.3.5':
    dependencies:
      '@codama/errors': 1.5.0
      '@codama/nodes': 1.5.0
      '@codama/visitors-core': 1.5.0

  '@codama/renderers-js@1.5.5(typescript@5.9.3)':
    dependencies:
      '@codama/errors': 1.5.0
      '@codama/nodes': 1.5.0
      '@codama/renderers-core': 1.3.5
      '@codama/visitors-core': 1.5.0
      '@solana/codecs-strings': 5.3.0(typescript@5.9.3)
      prettier: 3.7.4
      semver: 7.7.3
    transitivePeerDependencies:
      - fastestsmallesttextencoderdecoder
      - typescript

  '@codama/validators@1.5.0':
    dependencies:
      '@codama/errors': 1.5.0
      '@codama/nodes': 1.5.0
      '@codama/visitors-core': 1.5.0

  '@codama/visitors-core@1.5.0':
    dependencies:
      '@codama/errors': 1.5.0
      '@codama/nodes': 1.5.0
      json-stable-stringify: 1.3.0

  '@codama/visitors@1.5.0':
    dependencies:
      '@codama/errors': 1.5.0
      '@codama/nodes': 1.5.0
      '@codama/visitors-core': 1.5.0

  '@esbuild/aix-ppc64@0.27.2':
    optional: true

  '@esbuild/android-arm64@0.27.2':
    optional: true

  '@esbuild/android-arm@0.27.2':
    optional: true

  '@esbuild/android-x64@0.27.2':
    optional: true

  '@esbuild/darwin-arm64@0.27.2':
    optional: true

  '@esbuild/darwin-x64@0.27.2':
    optional: true

  '@esbuild/freebsd-arm64@0.27.2':
    optional: true

  '@esbuild/freebsd-x64@0.27.2':
    optional: true

  '@esbuild/linux-arm64@0.27.2':
    optional: true

  '@esbuild/linux-arm@0.27.2':
    optional: true

  '@esbuild/linux-ia32@0.27.2':
    optional: true

  '@esbuild/linux-loong64@0.27.2':
    optional: true

  '@esbuild/linux-mips64el@0.27.2':
    optional: true

  '@esbuild/linux-ppc64@0.27.2':
    optional: true

  '@esbuild/linux-riscv64@0.27.2':
    optional: true

  '@esbuild/linux-s390x@0.27.2':
    optional: true

  '@esbuild/linux-x64@0.27.2':
    optional: true

  '@esbuild/netbsd-arm64@0.27.2':
    optional: true

  '@esbuild/netbsd-x64@0.27.2':
    optional: true

  '@esbuild/openbsd-arm64@0.27.2':
    optional: true

  '@esbuild/openbsd-x64@0.27.2':
    optional: true

  '@esbuild/openharmony-arm64@0.27.2':
    optional: true

  '@esbuild/sunos-x64@0.27.2':
    optional: true

  '@esbuild/win32-arm64@0.27.2':
    optional: true

  '@esbuild/win32-ia32@0.27.2':
    optional: true

  '@esbuild/win32-x64@0.27.2':
    optional: true

  '@noble/hashes@2.0.1': {}

  '@solana/accounts@5.3.0(typescript@5.9.3)':
    dependencies:
      '@solana/addresses': 5.3.0(typescript@5.9.3)
      '@solana/codecs-core': 5.3.0(typescript@5.9.3)
      '@solana/codecs-strings': 5.3.0(typescript@5.9.3)
      '@solana/errors': 5.3.0(typescript@5.9.3)
      '@solana/rpc-spec': 5.3.0(typescript@5.9.3)
      '@solana/rpc-types': 5.3.0(typescript@5.9.3)
      typescript: 5.9.3
    transitivePeerDependencies:
      - fastestsmallesttextencoderdecoder

  '@solana/addresses@5.3.0(typescript@5.9.3)':
    dependencies:
      '@solana/assertions': 5.3.0(typescript@5.9.3)
      '@solana/codecs-core': 5.3.0(typescript@5.9.3)
      '@solana/codecs-strings': 5.3.0(typescript@5.9.3)
      '@solana/errors': 5.3.0(typescript@5.9.3)
      '@solana/nominal-types': 5.3.0(typescript@5.9.3)
      typescript: 5.9.3
    transitivePeerDependencies:
      - fastestsmallesttextencoderdecoder

  '@solana/assertions@5.3.0(typescript@5.9.3)':
    dependencies:
      '@solana/errors': 5.3.0(typescript@5.9.3)
      typescript: 5.9.3

  '@solana/codecs-core@5.3.0(typescript@5.9.3)':
    dependencies:
      '@solana/errors': 5.3.0(typescript@5.9.3)
      typescript: 5.9.3

  '@solana/codecs-data-structures@5.3.0(typescript@5.9.3)':
    dependencies:
      '@solana/codecs-core': 5.3.0(typescript@5.9.3)
      '@solana/codecs-numbers': 5.3.0(typescript@5.9.3)
      '@solana/errors': 5.3.0(typescript@5.9.3)
      typescript: 5.9.3

  '@solana/codecs-numbers@5.3.0(typescript@5.9.3)':
    dependencies:
      '@solana/codecs-core': 5.3.0(typescript@5.9.3)
      '@solana/errors': 5.3.0(typescript@5.9.3)
      typescript: 5.9.3

  '@solana/codecs-strings@5.3.0(typescript@5.9.3)':
    dependencies:
      '@solana/codecs-core': 5.3.0(typescript@5.9.3)
      '@solana/codecs-numbers': 5.3.0(typescript@5.9.3)
      '@solana/errors': 5.3.0(typescript@5.9.3)
      typescript: 5.9.3

  '@solana/codecs@5.3.0(typescript@5.9.3)':
    dependencies:
      '@solana/codecs-core': 5.3.0(typescript@5.9.3)
      '@solana/codecs-data-structures': 5.3.0(typescript@5.9.3)
      '@solana/codecs-numbers': 5.3.0(typescript@5.9.3)
      '@solana/codecs-strings': 5.3.0(typescript@5.9.3)
      '@solana/options': 5.3.0(typescript@5.9.3)
      typescript: 5.9.3
    transitivePeerDependencies:
      - fastestsmallesttextencoderdecoder

  '@solana/errors@5.3.0(typescript@5.9.3)':
    dependencies:
      chalk: 5.6.2
      commander: 14.0.2
      typescript: 5.9.3

  '@solana/fast-stable-stringify@5.3.0(typescript@5.9.3)':
    dependencies:
      typescript: 5.9.3

  '@solana/functional@5.3.0(typescript@5.9.3)':
    dependencies:
      typescript: 5.9.3

  '@solana/instruction-plans@5.3.0(typescript@5.9.3)':
    dependencies:
      '@solana/errors': 5.3.0(typescript@5.9.3)
      '@solana/instructions': 5.3.0(typescript@5.9.3)
      '@solana/keys': 5.3.0(typescript@5.9.3)
      '@solana/promises': 5.3.0(typescript@5.9.3)
      '@solana/transaction-messages': 5.3.0(typescript@5.9.3)
      '@solana/transactions': 5.3.0(typescript@5.9.3)
      typescript: 5.9.3
    transitivePeerDependencies:
      - fastestsmallesttextencoderdecoder

  '@solana/instructions@5.3.0(typescript@5.9.3)':
    dependencies:
      '@solana/codecs-core': 5.3.0(typescript@5.9.3)
      '@solana/errors': 5.3.0(typescript@5.9.3)
      typescript: 5.9.3

  '@solana/keys@5.3.0(typescript@5.9.3)':
    dependencies:
      '@solana/assertions': 5.3.0(typescript@5.9.3)
      '@solana/codecs-core': 5.3.0(typescript@5.9.3)
      '@solana/codecs-strings': 5.3.0(typescript@5.9.3)
      '@solana/errors': 5.3.0(typescript@5.9.3)
      '@solana/nominal-types': 5.3.0(typescript@5.9.3)
      typescript: 5.9.3
    transitivePeerDependencies:
      - fastestsmallesttextencoderdecoder

  '@solana/kit@5.3.0(typescript@5.9.3)':
    dependencies:
      '@solana/accounts': 5.3.0(typescript@5.9.3)
      '@solana/addresses': 5.3.0(typescript@5.9.3)
      '@solana/codecs': 5.3.0(typescript@5.9.3)
      '@solana/errors': 5.3.0(typescript@5.9.3)
      '@solana/functional': 5.3.0(typescript@5.9.3)
      '@solana/instruction-plans': 5.3.0(typescript@5.9.3)
      '@solana/instructions': 5.3.0(typescript@5.9.3)
      '@solana/keys': 5.3.0(typescript@5.9.3)
      '@solana/offchain-messages': 5.3.0(typescript@5.9.3)
      '@solana/plugin-core': 5.3.0(typescript@5.9.3)
      '@solana/programs': 5.3.0(typescript@5.9.3)
      '@solana/rpc': 5.3.0(typescript@5.9.3)
      '@solana/rpc-api': 5.3.0(typescript@5.9.3)
      '@solana/rpc-parsed-types': 5.3.0(typescript@5.9.3)
      '@solana/rpc-spec-types': 5.3.0(typescript@5.9.3)
      '@solana/rpc-subscriptions': 5.3.0(typescript@5.9.3)
      '@solana/rpc-types': 5.3.0(typescript@5.9.3)
      '@solana/signers': 5.3.0(typescript@5.9.3)
      '@solana/sysvars': 5.3.0(typescript@5.9.3)
      '@solana/transaction-confirmation': 5.3.0(typescript@5.9.3)
      '@solana/transaction-messages': 5.3.0(typescript@5.9.3)
      '@solana/transactions': 5.3.0(typescript@5.9.3)
      typescript: 5.9.3
    transitivePeerDependencies:
      - bufferutil
      - fastestsmallesttextencoderdecoder
      - utf-8-validate

  '@solana/nominal-types@5.3.0(typescript@5.9.3)':
    dependencies:
      typescript: 5.9.3

  '@solana/offchain-messages@5.3.0(typescript@5.9.3)':
    dependencies:
      '@solana/addresses': 5.3.0(typescript@5.9.3)
      '@solana/codecs-core': 5.3.0(typescript@5.9.3)
      '@solana/codecs-data-structures': 5.3.0(typescript@5.9.3)
      '@solana/codecs-numbers': 5.3.0(typescript@5.9.3)
      '@solana/codecs-strings': 5.3.0(typescript@5.9.3)
      '@solana/errors': 5.3.0(typescript@5.9.3)
      '@solana/keys': 5.3.0(typescript@5.9.3)
      '@solana/nominal-types': 5.3.0(typescript@5.9.3)
      typescript: 5.9.3
    transitivePeerDependencies:
      - fastestsmallesttextencoderdecoder

  '@solana/options@5.3.0(typescript@5.9.3)':
    dependencies:
      '@solana/codecs-core': 5.3.0(typescript@5.9.3)
      '@solana/codecs-data-structures': 5.3.0(typescript@5.9.3)
      '@solana/codecs-numbers': 5.3.0(typescript@5.9.3)
      '@solana/codecs-strings': 5.3.0(typescript@5.9.3)
      '@solana/errors': 5.3.0(typescript@5.9.3)
      typescript: 5.9.3
    transitivePeerDependencies:
      - fastestsmallesttextencoderdecoder

  '@solana/plugin-core@5.3.0(typescript@5.9.3)':
    dependencies:
      typescript: 5.9.3

  '@solana/programs@5.3.0(typescript@5.9.3)':
    dependencies:
      '@solana/addresses': 5.3.0(typescript@5.9.3)
      '@solana/errors': 5.3.0(typescript@5.9.3)
      typescript: 5.9.3
    transitivePeerDependencies:
      - fastestsmallesttextencoderdecoder

  '@solana/promises@5.3.0(typescript@5.9.3)':
    dependencies:
      typescript: 5.9.3

  '@solana/rpc-api@5.3.0(typescript@5.9.3)':
    dependencies:
      '@solana/addresses': 5.3.0(typescript@5.9.3)
      '@solana/codecs-core': 5.3.0(typescript@5.9.3)
      '@solana/codecs-strings': 5.3.0(typescript@5.9.3)
      '@solana/errors': 5.3.0(typescript@5.9.3)
      '@solana/keys': 5.3.0(typescript@5.9.3)
      '@solana/rpc-parsed-types': 5.3.0(typescript@5.9.3)
      '@solana/rpc-spec': 5.3.0(typescript@5.9.3)
      '@solana/rpc-transformers': 5.3.0(typescript@5.9.3)
      '@solana/rpc-types': 5.3.0(typescript@5.9.3)
      '@solana/transaction-messages': 5.3.0(typescript@5.9.3)
      '@solana/transactions': 5.3.0(typescript@5.9.3)
      typescript: 5.9.3
    transitivePeerDependencies:
      - fastestsmallesttextencoderdecoder

  '@solana/rpc-parsed-types@5.3.0(typescript@5.9.3)':
    dependencies:
      typescript: 5.9.3

  '@solana/rpc-spec-types@5.3.0(typescript@5.9.3)':
    dependencies:
      typescript: 5.9.3

  '@solana/rpc-spec@5.3.0(typescript@5.9.3)':
    dependencies:
      '@solana/errors': 5.3.0(typescript@5.9.3)
      '@solana/rpc-spec-types': 5.3.0(typescript@5.9.3)
      typescript: 5.9.3

  '@solana/rpc-subscriptions-api@5.3.0(typescript@5.9.3)':
    dependencies:
      '@solana/addresses': 5.3.0(typescript@5.9.3)
      '@solana/keys': 5.3.0(typescript@5.9.3)
      '@solana/rpc-subscriptions-spec': 5.3.0(typescript@5.9.3)
      '@solana/rpc-transformers': 5.3.0(typescript@5.9.3)
      '@solana/rpc-types': 5.3.0(typescript@5.9.3)
      '@solana/transaction-messages': 5.3.0(typescript@5.9.3)
      '@solana/transactions': 5.3.0(typescript@5.9.3)
      typescript: 5.9.3
    transitivePeerDependencies:
      - fastestsmallesttextencoderdecoder

  '@solana/rpc-subscriptions-channel-websocket@5.3.0(typescript@5.9.3)':
    dependencies:
      '@solana/errors': 5.3.0(typescript@5.9.3)
      '@solana/functional': 5.3.0(typescript@5.9.3)
      '@solana/rpc-subscriptions-spec': 5.3.0(typescript@5.9.3)
      '@solana/subscribable': 5.3.0(typescript@5.9.3)
      typescript: 5.9.3
      ws: 8.19.0
    transitivePeerDependencies:
      - bufferutil
      - utf-8-validate

  '@solana/rpc-subscriptions-spec@5.3.0(typescript@5.9.3)':
    dependencies:
      '@solana/errors': 5.3.0(typescript@5.9.3)
      '@solana/promises': 5.3.0(typescript@5.9.3)
      '@solana/rpc-spec-types': 5.3.0(typescript@5.9.3)
      '@solana/subscribable': 5.3.0(typescript@5.9.3)
      typescript: 5.9.3

  '@solana/rpc-subscriptions@5.3.0(typescript@5.9.3)':
    dependencies:
      '@solana/errors': 5.3.0(typescript@5.9.3)
      '@solana/fast-stable-stringify': 5.3.0(typescript@5.9.3)
      '@solana/functional': 5.3.0(typescript@5.9.3)
      '@solana/promises': 5.3.0(typescript@5.9.3)
      '@solana/rpc-spec-types': 5.3.0(typescript@5.9.3)
      '@solana/rpc-subscriptions-api': 5.3.0(typescript@5.9.3)
      '@solana/rpc-subscriptions-channel-websocket': 5.3.0(typescript@5.9.3)
      '@solana/rpc-subscriptions-spec': 5.3.0(typescript@5.9.3)
      '@solana/rpc-transformers': 5.3.0(typescript@5.9.3)
      '@solana/rpc-types': 5.3.0(typescript@5.9.3)
      '@solana/subscribable': 5.3.0(typescript@5.9.3)
      typescript: 5.9.3
    transitivePeerDependencies:
      - bufferutil
      - fastestsmallesttextencoderdecoder
      - utf-8-validate

  '@solana/rpc-transformers@5.3.0(typescript@5.9.3)':
    dependencies:
      '@solana/errors': 5.3.0(typescript@5.9.3)
      '@solana/functional': 5.3.0(typescript@5.9.3)
      '@solana/nominal-types': 5.3.0(typescript@5.9.3)
      '@solana/rpc-spec-types': 5.3.0(typescript@5.9.3)
      '@solana/rpc-types': 5.3.0(typescript@5.9.3)
      typescript: 5.9.3
    transitivePeerDependencies:
      - fastestsmallesttextencoderdecoder

  '@solana/rpc-transport-http@5.3.0(typescript@5.9.3)':
    dependencies:
      '@solana/errors': 5.3.0(typescript@5.9.3)
      '@solana/rpc-spec': 5.3.0(typescript@5.9.3)
      '@solana/rpc-spec-types': 5.3.0(typescript@5.9.3)
      typescript: 5.9.3
      undici-types: 7.18.2

  '@solana/rpc-types@5.3.0(typescript@5.9.3)':
    dependencies:
      '@solana/addresses': 5.3.0(typescript@5.9.3)
      '@solana/codecs-core': 5.3.0(typescript@5.9.3)
      '@solana/codecs-numbers': 5.3.0(typescript@5.9.3)
      '@solana/codecs-strings': 5.3.0(typescript@5.9.3)
      '@solana/errors': 5.3.0(typescript@5.9.3)
      '@solana/nominal-types': 5.3.0(typescript@5.9.3)
      typescript: 5.9.3
    transitivePeerDependencies:
      - fastestsmallesttextencoderdecoder

  '@solana/rpc@5.3.0(typescript@5.9.3)':
    dependencies:
      '@solana/errors': 5.3.0(typescript@5.9.3)
      '@solana/fast-stable-stringify': 5.3.0(typescript@5.9.3)
      '@solana/functional': 5.3.0(typescript@5.9.3)
      '@solana/rpc-api': 5.3.0(typescript@5.9.3)
      '@solana/rpc-spec': 5.3.0(typescript@5.9.3)
      '@solana/rpc-spec-types': 5.3.0(typescript@5.9.3)
      '@solana/rpc-transformers': 5.3.0(typescript@5.9.3)
      '@solana/rpc-transport-http': 5.3.0(typescript@5.9.3)
      '@solana/rpc-types': 5.3.0(typescript@5.9.3)
      typescript: 5.9.3
    transitivePeerDependencies:
      - fastestsmallesttextencoderdecoder

  '@solana/signers@5.3.0(typescript@5.9.3)':
    dependencies:
      '@solana/addresses': 5.3.0(typescript@5.9.3)
      '@solana/codecs-core': 5.3.0(typescript@5.9.3)
      '@solana/errors': 5.3.0(typescript@5.9.3)
      '@solana/instructions': 5.3.0(typescript@5.9.3)
      '@solana/keys': 5.3.0(typescript@5.9.3)
      '@solana/nominal-types': 5.3.0(typescript@5.9.3)
      '@solana/offchain-messages': 5.3.0(typescript@5.9.3)
      '@solana/transaction-messages': 5.3.0(typescript@5.9.3)
      '@solana/transactions': 5.3.0(typescript@5.9.3)
      typescript: 5.9.3
    transitivePeerDependencies:
      - fastestsmallesttextencoderdecoder

  '@solana/subscribable@5.3.0(typescript@5.9.3)':
    dependencies:
      '@solana/errors': 5.3.0(typescript@5.9.3)
      typescript: 5.9.3

  '@solana/sysvars@5.3.0(typescript@5.9.3)':
    dependencies:
      '@solana/accounts': 5.3.0(typescript@5.9.3)
      '@solana/codecs': 5.3.0(typescript@5.9.3)
      '@solana/errors': 5.3.0(typescript@5.9.3)
      '@solana/rpc-types': 5.3.0(typescript@5.9.3)
      typescript: 5.9.3
    transitivePeerDependencies:
      - fastestsmallesttextencoderdecoder

  '@solana/transaction-confirmation@5.3.0(typescript@5.9.3)':
    dependencies:
      '@solana/addresses': 5.3.0(typescript@5.9.3)
      '@solana/codecs-strings': 5.3.0(typescript@5.9.3)
      '@solana/errors': 5.3.0(typescript@5.9.3)
      '@solana/keys': 5.3.0(typescript@5.9.3)
      '@solana/promises': 5.3.0(typescript@5.9.3)
      '@solana/rpc': 5.3.0(typescript@5.9.3)
      '@solana/rpc-subscriptions': 5.3.0(typescript@5.9.3)
      '@solana/rpc-types': 5.3.0(typescript@5.9.3)
      '@solana/transaction-messages': 5.3.0(typescript@5.9.3)
      '@solana/transactions': 5.3.0(typescript@5.9.3)
      typescript: 5.9.3
    transitivePeerDependencies:
      - bufferutil
      - fastestsmallesttextencoderdecoder
      - utf-8-validate

  '@solana/transaction-messages@5.3.0(typescript@5.9.3)':
    dependencies:
      '@solana/addresses': 5.3.0(typescript@5.9.3)
      '@solana/codecs-core': 5.3.0(typescript@5.9.3)
      '@solana/codecs-data-structures': 5.3.0(typescript@5.9.3)
      '@solana/codecs-numbers': 5.3.0(typescript@5.9.3)
      '@solana/errors': 5.3.0(typescript@5.9.3)
      '@solana/functional': 5.3.0(typescript@5.9.3)
      '@solana/instructions': 5.3.0(typescript@5.9.3)
      '@solana/nominal-types': 5.3.0(typescript@5.9.3)
      '@solana/rpc-types': 5.3.0(typescript@5.9.3)
      typescript: 5.9.3
    transitivePeerDependencies:
      - fastestsmallesttextencoderdecoder

  '@solana/transactions@5.3.0(typescript@5.9.3)':
    dependencies:
      '@solana/addresses': 5.3.0(typescript@5.9.3)
      '@solana/codecs-core': 5.3.0(typescript@5.9.3)
      '@solana/codecs-data-structures': 5.3.0(typescript@5.9.3)
      '@solana/codecs-numbers': 5.3.0(typescript@5.9.3)
      '@solana/codecs-strings': 5.3.0(typescript@5.9.3)
      '@solana/errors': 5.3.0(typescript@5.9.3)
      '@solana/functional': 5.3.0(typescript@5.9.3)
      '@solana/instructions': 5.3.0(typescript@5.9.3)
      '@solana/keys': 5.3.0(typescript@5.9.3)
      '@solana/nominal-types': 5.3.0(typescript@5.9.3)
      '@solana/rpc-types': 5.3.0(typescript@5.9.3)
      '@solana/transaction-messages': 5.3.0(typescript@5.9.3)
      typescript: 5.9.3
    transitivePeerDependencies:
      - fastestsmallesttextencoderdecoder

  '@types/node@25.0.6':
    dependencies:
      undici-types: 7.16.0

  call-bind-apply-helpers@1.0.2:
    dependencies:
      es-errors: 1.3.0
      function-bind: 1.1.2

  call-bind@1.0.8:
    dependencies:
      call-bind-apply-helpers: 1.0.2
      es-define-property: 1.0.1
      get-intrinsic: 1.3.0
      set-function-length: 1.2.2

  call-bound@1.0.4:
    dependencies:
      call-bind-apply-helpers: 1.0.2
      get-intrinsic: 1.3.0

  chalk@5.6.2: {}

  codama@1.5.0:
    dependencies:
      '@codama/cli': 1.4.4
      '@codama/errors': 1.5.0
      '@codama/nodes': 1.5.0
      '@codama/validators': 1.5.0
      '@codama/visitors': 1.5.0

  commander@14.0.2: {}

  define-data-property@1.1.4:
    dependencies:
      es-define-property: 1.0.1
      es-errors: 1.3.0
      gopd: 1.2.0

  dunder-proto@1.0.1:
    dependencies:
      call-bind-apply-helpers: 1.0.2
      es-errors: 1.3.0
      gopd: 1.2.0

  es-define-property@1.0.1: {}

  es-errors@1.3.0: {}

  es-object-atoms@1.1.1:
    dependencies:
      es-errors: 1.3.0

  esbuild@0.27.2:
    optionalDependencies:
      '@esbuild/aix-ppc64': 0.27.2
      '@esbuild/android-arm': 0.27.2
      '@esbuild/android-arm64': 0.27.2
      '@esbuild/android-x64': 0.27.2
      '@esbuild/darwin-arm64': 0.27.2
      '@esbuild/darwin-x64': 0.27.2
      '@esbuild/freebsd-arm64': 0.27.2
      '@esbuild/freebsd-x64': 0.27.2
      '@esbuild/linux-arm': 0.27.2
      '@esbuild/linux-arm64': 0.27.2
      '@esbuild/linux-ia32': 0.27.2
      '@esbuild/linux-loong64': 0.27.2
      '@esbuild/linux-mips64el': 0.27.2
      '@esbuild/linux-ppc64': 0.27.2
      '@esbuild/linux-riscv64': 0.27.2
      '@esbuild/linux-s390x': 0.27.2
      '@esbuild/linux-x64': 0.27.2
      '@esbuild/netbsd-arm64': 0.27.2
      '@esbuild/netbsd-x64': 0.27.2
      '@esbuild/openbsd-arm64': 0.27.2
      '@esbuild/openbsd-x64': 0.27.2
      '@esbuild/openharmony-arm64': 0.27.2
      '@esbuild/sunos-x64': 0.27.2
      '@esbuild/win32-arm64': 0.27.2
      '@esbuild/win32-ia32': 0.27.2
      '@esbuild/win32-x64': 0.27.2

  fsevents@2.3.3:
    optional: true

  function-bind@1.1.2: {}

  get-intrinsic@1.3.0:
    dependencies:
      call-bind-apply-helpers: 1.0.2
      es-define-property: 1.0.1
      es-errors: 1.3.0
      es-object-atoms: 1.1.1
      function-bind: 1.1.2
      get-proto: 1.0.1
      gopd: 1.2.0
      has-symbols: 1.1.0
      hasown: 2.0.2
      math-intrinsics: 1.1.0

  get-proto@1.0.1:
    dependencies:
      dunder-proto: 1.0.1
      es-object-atoms: 1.1.1

  get-tsconfig@4.13.0:
    dependencies:
      resolve-pkg-maps: 1.0.0

  gopd@1.2.0: {}

  has-property-descriptors@1.0.2:
    dependencies:
      es-define-property: 1.0.1

  has-symbols@1.1.0: {}

  hasown@2.0.2:
    dependencies:
      function-bind: 1.1.2

  isarray@2.0.5: {}

  json-stable-stringify@1.3.0:
    dependencies:
      call-bind: 1.0.8
      call-bound: 1.0.4
      isarray: 2.0.5
      jsonify: 0.0.1
      object-keys: 1.1.1

  jsonify@0.0.1: {}

  kleur@3.0.3: {}

  math-intrinsics@1.1.0: {}

  object-keys@1.1.1: {}

  picocolors@1.1.1: {}

  prettier@3.7.4: {}

  prompts@2.4.2:
    dependencies:
      kleur: 3.0.3
      sisteransi: 1.0.5

  resolve-pkg-maps@1.0.0: {}

  semver@7.7.3: {}

  set-function-length@1.2.2:
    dependencies:
      define-data-property: 1.1.4
      es-errors: 1.3.0
      function-bind: 1.1.2
      get-intrinsic: 1.3.0
      gopd: 1.2.0
      has-property-descriptors: 1.0.2

  sisteransi@1.0.5: {}

  tsx@4.21.0:
    dependencies:
      esbuild: 0.27.2
      get-tsconfig: 4.13.0
    optionalDependencies:
      fsevents: 2.3.3

  typescript@5.9.3: {}

  undici-types@7.16.0: {}

  undici-types@7.18.2: {}

  ws@8.19.0: {}
